# This file was autogenerated by Stack.
# You should not edit this file by hand.
# For more information, please see the documentation at:
#   https://docs.haskellstack.org/en/stable/lock_files

packages:
- completed:
    hackage: cmath-0.3@sha256:b38b6ef4c7d48c49994b922dfa76f043f9ad802d4c74f64389d44c868e18f8e1,672
    pantry-tree:
      size: 267
      sha256: 8b2504e84772c601a631699b9e5fe6c0a9b9c09df462bb4391d829fd976b4be9
  original:
    hackage: cmath-0.3@sha256:b38b6ef4c7d48c49994b922dfa76f043f9ad802d4c74f64389d44c868e18f8e1,672
snapshots:
- completed:
    size: 491373
    url: https://raw.githubusercontent.com/commercialhaskell/stackage-snapshots/master/lts/15/3.yaml
    sha256: 29e9ff61b8bf4b4fcff55cde3ac106ebb971f0d21331dccac9eee63374fa6ca8
  original: lts-15.3
